
Microsoft Visual Studio Solution File, Format Version 12.00
# Visual Studio Version 17
VisualStudioVersion = 17.11.35208.52
MinimumVisualStudioVersion = 10.0.40219.1
Project("{9A19103F-16F7-4668-BE54-9A1E7A4F7556}") = "CustomerFrontend", "src\CustomerFrontend\CustomerFrontend.csproj", "{28635F78-77CD-4FAF-BAB3-B21716021DBC}"
EndProject
Project("{9A19103F-16F7-4668-BE54-9A1E7A4F7556}") = "UnitTests", "tests\UnitTests\UnitTests.csproj", "{DB12DC24-4251-497A-AC75-6DD9CE49E9B7}"
EndProject
Project("{9A19103F-16F7-4668-BE54-9A1E7A4F7556}") = "CustomerBackend", "src\CustomerBackend\CustomerBackend.csproj", "{4B054455-886E-4033-BEDA-32DCBBEC2EBC}"
EndProject
Project("{FAE04EC0-301F-11D3-BF4B-00C04F79EFBC}") = "Shared", "src\Shared\Shared.csproj", "{F40CDB5A-1231-4640-8DE6-5D2999BA6BC8}"
EndProject
Global
	GlobalSection(SolutionConfigurationPlatforms) = preSolution
		Debug|Any CPU = Debug|Any CPU
		Release|Any CPU = Release|Any CPU
	EndGlobalSection
	GlobalSection(ProjectConfigurationPlatforms) = postSolution
		{28635F78-77CD-4FAF-BAB3-B21716021DBC}.Debug|Any CPU.ActiveCfg = Debug|Any CPU
		{28635F78-77CD-4FAF-BAB3-B21716021DBC}.Debug|Any CPU.Build.0 = Debug|Any CPU
		{28635F78-77CD-4FAF-BAB3-B21716021DBC}.Release|Any CPU.ActiveCfg = Release|Any CPU
		{28635F78-77CD-4FAF-BAB3-B21716021DBC}.Release|Any CPU.Build.0 = Release|Any CPU
		{DB12DC24-4251-497A-AC75-6DD9CE49E9B7}.Debug|Any CPU.ActiveCfg = Debug|Any CPU
		{DB12DC24-4251-497A-AC75-6DD9CE49E9B7}.Debug|Any CPU.Build.0 = Debug|Any CPU
		{DB12DC24-4251-497A-AC75-6DD9CE49E9B7}.Release|Any CPU.ActiveCfg = Release|Any CPU
		{DB12DC24-4251-497A-AC75-6DD9CE49E9B7}.Release|Any CPU.Build.0 = Release|Any CPU
		{4B054455-886E-4033-BEDA-32DCBBEC2EBC}.Debug|Any CPU.ActiveCfg = Debug|Any CPU
		{4B054455-886E-4033-BEDA-32DCBBEC2EBC}.Debug|Any CPU.Build.0 = Debug|Any CPU
		{4B054455-886E-4033-BEDA-32DCBBEC2EBC}.Release|Any CPU.ActiveCfg = Release|Any CPU
		{4B054455-886E-4033-BEDA-32DCBBEC2EBC}.Release|Any CPU.Build.0 = Release|Any CPU
		{F40CDB5A-1231-4640-8DE6-5D2999BA6BC8}.Debug|Any CPU.ActiveCfg = Debug|Any CPU
		{F40CDB5A-1231-4640-8DE6-5D2999BA6BC8}.Debug|Any CPU.Build.0 = Debug|Any CPU
		{F40CDB5A-1231-4640-8DE6-5D2999BA6BC8}.Release|Any CPU.ActiveCfg = Release|Any CPU
		{F40CDB5A-1231-4640-8DE6-5D2999BA6BC8}.Release|Any CPU.Build.0 = Release|Any CPU
	EndGlobalSection
	GlobalSection(SolutionProperties) = preSolution
		HideSolutionNode = FALSE
	EndGlobalSection
	GlobalSection(ExtensibilityGlobals) = postSolution
		SolutionGuid = {25C09248-0718-4E5A-8960-AAEA5DB14440}
	EndGlobalSection
EndGlobal
