
Microsoft Visual Studio Solution File, Format Version 12.00
# Visual Studio Version 17
VisualStudioVersion = 17.11.35208.52
MinimumVisualStudioVersion = 10.0.40219.1
Project("{FAE04EC0-301F-11D3-BF4B-00C04F79EFBC}") = "CustomerBackend", "CustomerBackend\CustomerBackend.csproj", "{854D20AB-65F6-47CC-B1AA-A64662A3D8B4}"
EndProject
Project("{FAE04EC0-301F-11D3-BF4B-00C04F79EFBC}") = "CustomerFrontend", "CustomerFrontend\CustomerFrontend.csproj", "{28635F78-77CD-4FAF-BAB3-B21716021DBC}"
EndProject
Project("{FAE04EC0-301F-11D3-BF4B-00C04F79EFBC}") = "UnitTests", "UnitTests\UnitTests.csproj", "{DB12DC24-4251-497A-AC75-6DD9CE49E9B7}"
EndProject
Global
	GlobalSection(SolutionConfigurationPlatforms) = preSolution
		Debug|Any CPU = Debug|Any CPU
		Release|Any CPU = Release|Any CPU
	EndGlobalSection
	GlobalSection(ProjectConfigurationPlatforms) = postSolution
		{854D20AB-65F6-47CC-B1AA-A64662A3D8B4}.Debug|Any CPU.ActiveCfg = Debug|Any CPU
		{854D20AB-65F6-47CC-B1AA-A64662A3D8B4}.Debug|Any CPU.Build.0 = Debug|Any CPU
		{854D20AB-65F6-47CC-B1AA-A64662A3D8B4}.Release|Any CPU.ActiveCfg = Release|Any CPU
		{854D20AB-65F6-47CC-B1AA-A64662A3D8B4}.Release|Any CPU.Build.0 = Release|Any CPU
		{28635F78-77CD-4FAF-BAB3-B21716021DBC}.Debug|Any CPU.ActiveCfg = Debug|Any CPU
		{28635F78-77CD-4FAF-BAB3-B21716021DBC}.Debug|Any CPU.Build.0 = Debug|Any CPU
		{28635F78-77CD-4FAF-BAB3-B21716021DBC}.Release|Any CPU.ActiveCfg = Release|Any CPU
		{28635F78-77CD-4FAF-BAB3-B21716021DBC}.Release|Any CPU.Build.0 = Release|Any CPU
		{DB12DC24-4251-497A-AC75-6DD9CE49E9B7}.Debug|Any CPU.ActiveCfg = Debug|Any CPU
		{DB12DC24-4251-497A-AC75-6DD9CE49E9B7}.Debug|Any CPU.Build.0 = Debug|Any CPU
		{DB12DC24-4251-497A-AC75-6DD9CE49E9B7}.Release|Any CPU.ActiveCfg = Release|Any CPU
		{DB12DC24-4251-497A-AC75-6DD9CE49E9B7}.Release|Any CPU.Build.0 = Release|Any CPU
	EndGlobalSection
	GlobalSection(SolutionProperties) = preSolution
		HideSolutionNode = FALSE
	EndGlobalSection
	GlobalSection(ExtensibilityGlobals) = postSolution
		SolutionGuid = {25C09248-0718-4E5A-8960-AAEA5DB14440}
	EndGlobalSection
EndGlobal
